hash: a7afcd04d7b7a60a2a47b262b608b98e64b5733b9aa5dc10912cc151d6959424
updated: 2017-08-23T11:45:12.849500416+01:00
imports:
- name: github.com/Azure/go-ansiterm
  version: 19f72df4d05d31cbe1c56bfc8045c96babff6c7e
  subpackages:
  - winterm
- name: github.com/davecgh/go-spew
  version: 346938d642f2ec3594ed81d874461961cd0faa76
  subpackages:
  - spew
- name: github.com/dnephin/cobra
  version: 0e9ca70a23585bdaab4beba1e7c4c23a1adfa857
- name: github.com/docker/go-connections
  version: 3ede32e2033de7505e6500d6c868c2b9ed9f169d
  subpackages:
  - tlsconfig
- name: github.com/docker/go-units
  version: f2d77a61e3c169b43402a0a1e84f06daf29b8190
- name: github.com/gorilla/websocket
  version: a69d9f6de432e2c6b296a947d8a5ee88f68522cf
- name: github.com/inconshreveable/mousetrap
  version: 76626ae9c91c4f2a10f34cad8ce83ea42c93bb75
- name: github.com/Microsoft/go-winio
  version: 78439966b38d69bf38227fbf57ac8a6fee70f69a
- name: github.com/pkg/errors
  version: c605e284fe17294bda444b34710735b29d1a9d90
- name: github.com/sirupsen/logrus
  version: a3f95b5c423586578a4e099b11a46c2479628cac
- name: github.com/spf13/pflag
  version: e57e3eeb33f795204c1ca35f56c44f83227c6e66
- name: github.com/storageos/go-api
  version: 823afe49bd5d0b09b8d29dc45db3ce827a07a557
  subpackages:
  - types
  - types/versions
- name: golang.org/x/crypto
  version: b176d7def5d71bdd214203491f89843ed217f420
  subpackages:
  - ssh
  - ssh/terminal
- name: golang.org/x/sys
  version: f7928cfef4d09d1b080aa2b6fd3ca9ba1567c733
  subpackages:
  - unix
  - windows
testImports: []
